
Microsoft Visual Studio Solution File, Format Version 12.00
# Visual Studio Version 17
VisualStudioVersion = 17.1.32210.238
MinimumVisualStudioVersion = 10.0.40219.1
Project("{FAE04EC0-301F-11D3-BF4B-00C04F79EFBC}") = "Adicao", "Adicao\Adicao.csproj", "{800752F8-6FFA-41CB-9E30-B94BDCA09848}"
EndProject
Project("{FAE04EC0-301F-11D3-BF4B-00C04F79EFBC}") = "Subtracao", "Subtracao\Subtracao.csproj", "{5BE7C292-F3A0-491C-9AC4-7120F080BFD1}"
EndProject
Project("{FAE04EC0-301F-11D3-BF4B-00C04F79EFBC}") = "Multiplicacao", "Multiplicacao\Multiplicacao.csproj", "{71558BCD-C2F2-4673-88D8-6F12C759A34D}"
EndProject
Project("{FAE04EC0-301F-11D3-BF4B-00C04F79EFBC}") = "Divisao", "Divisao\Divisao.csproj", "{EF9B4EEF-4DD6-4D52-A4C7-D6D567EE6483}"
EndProject
Global
	GlobalSection(SolutionConfigurationPlatforms) = preSolution
		Debug|Any CPU = Debug|Any CPU
		Release|Any CPU = Release|Any CPU
	EndGlobalSection
	GlobalSection(ProjectConfigurationPlatforms) = postSolution
		{800752F8-6FFA-41CB-9E30-B94BDCA09848}.Debug|Any CPU.ActiveCfg = Debug|Any CPU
		{800752F8-6FFA-41CB-9E30-B94BDCA09848}.Debug|Any CPU.Build.0 = Debug|Any CPU
		{800752F8-6FFA-41CB-9E30-B94BDCA09848}.Release|Any CPU.ActiveCfg = Release|Any CPU
		{800752F8-6FFA-41CB-9E30-B94BDCA09848}.Release|Any CPU.Build.0 = Release|Any CPU
		{5BE7C292-F3A0-491C-9AC4-7120F080BFD1}.Debug|Any CPU.ActiveCfg = Debug|Any CPU
		{5BE7C292-F3A0-491C-9AC4-7120F080BFD1}.Debug|Any CPU.Build.0 = Debug|Any CPU
		{5BE7C292-F3A0-491C-9AC4-7120F080BFD1}.Release|Any CPU.ActiveCfg = Release|Any CPU
		{5BE7C292-F3A0-491C-9AC4-7120F080BFD1}.Release|Any CPU.Build.0 = Release|Any CPU
		{71558BCD-C2F2-4673-88D8-6F12C759A34D}.Debug|Any CPU.ActiveCfg = Debug|Any CPU
		{71558BCD-C2F2-4673-88D8-6F12C759A34D}.Debug|Any CPU.Build.0 = Debug|Any CPU
		{71558BCD-C2F2-4673-88D8-6F12C759A34D}.Release|Any CPU.ActiveCfg = Release|Any CPU
		{71558BCD-C2F2-4673-88D8-6F12C759A34D}.Release|Any CPU.Build.0 = Release|Any CPU
		{EF9B4EEF-4DD6-4D52-A4C7-D6D567EE6483}.Debug|Any CPU.ActiveCfg = Debug|Any CPU
		{EF9B4EEF-4DD6-4D52-A4C7-D6D567EE6483}.Debug|Any CPU.Build.0 = Debug|Any CPU
		{EF9B4EEF-4DD6-4D52-A4C7-D6D567EE6483}.Release|Any CPU.ActiveCfg = Release|Any CPU
		{EF9B4EEF-4DD6-4D52-A4C7-D6D567EE6483}.Release|Any CPU.Build.0 = Release|Any CPU
	EndGlobalSection
	GlobalSection(SolutionProperties) = preSolution
		HideSolutionNode = FALSE
	EndGlobalSection
	GlobalSection(ExtensibilityGlobals) = postSolution
		SolutionGuid = {EFF75CBB-B9AF-48AE-A212-768A7754B4E7}
	EndGlobalSection
EndGlobal
